
Microsoft Visual Studio Solution File, Format Version 12.00
# Visual Studio Version 17
VisualStudioVersion = 17.9.34701.34
MinimumVisualStudioVersion = 10.0.40219.1
Project("{FAE04EC0-301F-11D3-BF4B-00C04F79EFBC}") = "BenchmarksPerfomance", "BenchmarksPerfomance\BenchmarksPerfomance.csproj", "{3C325606-B42D-49BC-98AE-FB8B9056B31A}"
EndProject
Global
	GlobalSection(SolutionConfigurationPlatforms) = preSolution
		Debug|Any CPU = Debug|Any CPU
		Release|Any CPU = Release|Any CPU
	EndGlobalSection
	GlobalSection(ProjectConfigurationPlatforms) = postSolution
		{3C325606-B42D-49BC-98AE-FB8B9056B31A}.Debug|Any CPU.ActiveCfg = Debug|Any CPU
		{3C325606-B42D-49BC-98AE-FB8B9056B31A}.Debug|Any CPU.Build.0 = Debug|Any CPU
		{3C325606-B42D-49BC-98AE-FB8B9056B31A}.Release|Any CPU.ActiveCfg = Release|Any CPU
		{3C325606-B42D-49BC-98AE-FB8B9056B31A}.Release|Any CPU.Build.0 = Release|Any CPU
	EndGlobalSection
	GlobalSection(SolutionProperties) = preSolution
		HideSolutionNode = FALSE
	EndGlobalSection
	GlobalSection(ExtensibilityGlobals) = postSolution
		SolutionGuid = {EB8D9239-D8E5-4669-88F3-58A51D1A995D}
	EndGlobalSection
EndGlobal
